
Microsoft Visual Studio Solution File, Format Version 12.00
# Visual Studio Version 17
VisualStudioVersion = 17.14.36408.4
MinimumVisualStudioVersion = 10.0.40219.1
Project("{FAE04EC0-301F-11D3-BF4B-00C04F79EFBC}") = "DailyNewsWebApi", "DailyNewsWebApi\DailyNewsWebApi.csproj", "{2159FFC3-CB8E-47C1-A75B-F811696B2E50}"
EndProject
Project("{FAE04EC0-301F-11D3-BF4B-00C04F79EFBC}") = "DailyNewsConsoleApp", "DailyNewsConsoleApp\DailyNewsConsoleApp.csproj", "{B652BDEA-B97A-4869-98BC-7CA312E77799}"
EndProject
Project("{FAE04EC0-301F-11D3-BF4B-00C04F79EFBC}") = "DailyNewsDb", "DailyNewsDbContext\DailyNewsDb.csproj", "{8481FAAA-8E9F-444F-B3E7-96A35C371513}"
EndProject
Project("{FAE04EC0-301F-11D3-BF4B-00C04F79EFBC}") = "DailyNewsServices", "DailyNewsServices\DailyNewsServices.csproj", "{B0FC1756-CB6A-433C-AEF7-EEC9D430F327}"
EndProject
Project("{E24C65DC-7377-472B-9ABA-BC803B73C61A}") = "DailyNewsApp", "..\..\DailyNewsApp\", "{8F758BED-670B-8AB3-A766-1C1A023B4C82}"
	ProjectSection(WebsiteProperties) = preProject
		TargetFrameworkMoniker = ".NETFramework,Version%3Dv4.8"
		Debug.AspNetCompiler.VirtualPath = "/localhost_64081"
		Debug.AspNetCompiler.PhysicalPath = "..\..\DailyNewsApp\"
		Debug.AspNetCompiler.TargetPath = "PrecompiledWeb\localhost_64081\"
		Debug.AspNetCompiler.Updateable = "true"
		Debug.AspNetCompiler.ForceOverwrite = "true"
		Debug.AspNetCompiler.FixedNames = "false"
		Debug.AspNetCompiler.Debug = "True"
		Release.AspNetCompiler.VirtualPath = "/localhost_64081"
		Release.AspNetCompiler.PhysicalPath = "..\..\DailyNewsApp\"
		Release.AspNetCompiler.TargetPath = "PrecompiledWeb\localhost_64081\"
		Release.AspNetCompiler.Updateable = "true"
		Release.AspNetCompiler.ForceOverwrite = "true"
		Release.AspNetCompiler.FixedNames = "false"
		Release.AspNetCompiler.Debug = "False"
		VWDPort = "64081"
		SlnRelativePath = "..\..\DailyNewsApp\"
	EndProjectSection
EndProject
Global
	GlobalSection(SolutionConfigurationPlatforms) = preSolution
		Debug|Any CPU = Debug|Any CPU
		Release|Any CPU = Release|Any CPU
	EndGlobalSection
	GlobalSection(ProjectConfigurationPlatforms) = postSolution
		{2159FFC3-CB8E-47C1-A75B-F811696B2E50}.Debug|Any CPU.ActiveCfg = Debug|Any CPU
		{2159FFC3-CB8E-47C1-A75B-F811696B2E50}.Debug|Any CPU.Build.0 = Debug|Any CPU
		{2159FFC3-CB8E-47C1-A75B-F811696B2E50}.Release|Any CPU.ActiveCfg = Release|Any CPU
		{2159FFC3-CB8E-47C1-A75B-F811696B2E50}.Release|Any CPU.Build.0 = Release|Any CPU
		{B652BDEA-B97A-4869-98BC-7CA312E77799}.Debug|Any CPU.ActiveCfg = Debug|Any CPU
		{B652BDEA-B97A-4869-98BC-7CA312E77799}.Debug|Any CPU.Build.0 = Debug|Any CPU
		{B652BDEA-B97A-4869-98BC-7CA312E77799}.Release|Any CPU.ActiveCfg = Release|Any CPU
		{B652BDEA-B97A-4869-98BC-7CA312E77799}.Release|Any CPU.Build.0 = Release|Any CPU
		{8481FAAA-8E9F-444F-B3E7-96A35C371513}.Debug|Any CPU.ActiveCfg = Debug|Any CPU
		{8481FAAA-8E9F-444F-B3E7-96A35C371513}.Debug|Any CPU.Build.0 = Debug|Any CPU
		{8481FAAA-8E9F-444F-B3E7-96A35C371513}.Release|Any CPU.ActiveCfg = Release|Any CPU
		{8481FAAA-8E9F-444F-B3E7-96A35C371513}.Release|Any CPU.Build.0 = Release|Any CPU
		{B0FC1756-CB6A-433C-AEF7-EEC9D430F327}.Debug|Any CPU.ActiveCfg = Debug|Any CPU
		{B0FC1756-CB6A-433C-AEF7-EEC9D430F327}.Debug|Any CPU.Build.0 = Debug|Any CPU
		{B0FC1756-CB6A-433C-AEF7-EEC9D430F327}.Release|Any CPU.ActiveCfg = Release|Any CPU
		{B0FC1756-CB6A-433C-AEF7-EEC9D430F327}.Release|Any CPU.Build.0 = Release|Any CPU
		{8F758BED-670B-8AB3-A766-1C1A023B4C82}.Debug|Any CPU.ActiveCfg = Debug|Any CPU
		{8F758BED-670B-8AB3-A766-1C1A023B4C82}.Debug|Any CPU.Build.0 = Debug|Any CPU
		{8F758BED-670B-8AB3-A766-1C1A023B4C82}.Release|Any CPU.ActiveCfg = Debug|Any CPU
		{8F758BED-670B-8AB3-A766-1C1A023B4C82}.Release|Any CPU.Build.0 = Debug|Any CPU
	EndGlobalSection
	GlobalSection(SolutionProperties) = preSolution
		HideSolutionNode = FALSE
	EndGlobalSection
	GlobalSection(ExtensibilityGlobals) = postSolution
		SolutionGuid = {BC8A8A02-AEA2-4DCC-8A29-C71132B02F56}
	EndGlobalSection
EndGlobal
